
Microsoft Visual Studio Solution File, Format Version 12.00
# Visual Studio Version 17
VisualStudioVersion = 17.7.33711.374
MinimumVisualStudioVersion = 10.0.40219.1
Project("{FAE04EC0-301F-11D3-BF4B-00C04F79EFBC}") = "QuadrupleLib", "QuadrupleLib\QuadrupleLib.csproj", "{83D04C8F-280F-464B-8F49-E8FBADD91EE3}"
EndProject
Global
	GlobalSection(SolutionConfigurationPlatforms) = preSolution
		Debug|Any CPU = Debug|Any CPU
		Release|Any CPU = Release|Any CPU
	EndGlobalSection
	GlobalSection(ProjectConfigurationPlatforms) = postSolution
		{83D04C8F-280F-464B-8F49-E8FBADD91EE3}.Debug|Any CPU.ActiveCfg = Debug|Any CPU
		{83D04C8F-280F-464B-8F49-E8FBADD91EE3}.Debug|Any CPU.Build.0 = Debug|Any CPU
		{83D04C8F-280F-464B-8F49-E8FBADD91EE3}.Release|Any CPU.ActiveCfg = Release|Any CPU
		{83D04C8F-280F-464B-8F49-E8FBADD91EE3}.Release|Any CPU.Build.0 = Release|Any CPU
	EndGlobalSection
	GlobalSection(SolutionProperties) = preSolution
		HideSolutionNode = FALSE
	EndGlobalSection
	GlobalSection(ExtensibilityGlobals) = postSolution
		SolutionGuid = {ED9D4833-5332-4CC2-848C-8C88CE235203}
	EndGlobalSection
EndGlobal
